// !$*UTF8*$!
{
	archiveVersion = 1;
	classes = {
	};
	objectVersion = 50;
	objects = {

/* Begin PBXBuildFile section */
		360308FF25751A1D0043E453 /* CroppingUtils.swift in Sources */ = {isa = PBXBuildFile; fileRef = 360308FE25751A1D0043E453 /* CroppingUtils.swift */; };
		3636887D256FE8AE006F3FB2 /* AppDelegate.swift in Sources */ = {isa = PBXBuildFile; fileRef = 3636887C256FE8AE006F3FB2 /* AppDelegate.swift */; };
		36368881256FE8AF006F3FB2 /* MediaCropperViewController.swift in Sources */ = {isa = PBXBuildFile; fileRef = 36368880256FE8AF006F3FB2 /* MediaCropperViewController.swift */; };
		36368884256FE8AF006F3FB2 /* MediaCropper.storyboard in Resources */ = {isa = PBXBuildFile; fileRef = 36368882256FE8AF006F3FB2 /* MediaCropper.storyboard */; };
		36368886256FE8B1006F3FB2 /* Assets.xcassets in Resources */ = {isa = PBXBuildFile; fileRef = 36368885256FE8B1006F3FB2 /* Assets.xcassets */; };
		36368889256FE8B1006F3FB2 /* LaunchScreen.storyboard in Resources */ = {isa = PBXBuildFile; fileRef = 36368887256FE8B1006F3FB2 /* LaunchScreen.storyboard */; };
		3636889725701874006F3FB2 /* GeometryUtils.swift in Sources */ = {isa = PBXBuildFile; fileRef = 3636889625701874006F3FB2 /* GeometryUtils.swift */; };
		366BD317257650C2004FEA3C /* Main.storyboard in Resources */ = {isa = PBXBuildFile; fileRef = 366BD316257650C2004FEA3C /* Main.storyboard */; };
		366BD31E257651C0004FEA3C /* MainViewController.swift in Sources */ = {isa = PBXBuildFile; fileRef = 366BD31D257651C0004FEA3C /* MainViewController.swift */; };
		366BD32A25765FE4004FEA3C /* CoreServices.framework in Frameworks */ = {isa = PBXBuildFile; fileRef = 366BD32925765FE4004FEA3C /* CoreServices.framework */; };
		366BD32D25766BCD004FEA3C /* MediaCropperController.swift in Sources */ = {isa = PBXBuildFile; fileRef = 366BD32C25766BCD004FEA3C /* MediaCropperController.swift */; };
		36FF0BB52571587200481A14 /* ScalableImageView.swift in Sources */ = {isa = PBXBuildFile; fileRef = 36FF0BB42571587200481A14 /* ScalableImageView.swift */; };
		36FF0BB82571598400481A14 /* InvertedRoundMaskView.swift in Sources */ = {isa = PBXBuildFile; fileRef = 36FF0BB72571598400481A14 /* InvertedRoundMaskView.swift */; };
		36FF0BBB257159DC00481A14 /* PickerMediaType.swift in Sources */ = {isa = PBXBuildFile; fileRef = 36FF0BBA257159DC00481A14 /* PickerMediaType.swift */; };
		36FF0BC525715F3A00481A14 /* ScalableVideoView.swift in Sources */ = {isa = PBXBuildFile; fileRef = 36FF0BC425715F3A00481A14 /* ScalableVideoView.swift */; };
/* End PBXBuildFile section */

/* Begin PBXFileReference section */
		360308FE25751A1D0043E453 /* CroppingUtils.swift */ = {isa = PBXFileReference; lastKnownFileType = sourcecode.swift; path = CroppingUtils.swift; sourceTree = "<group>"; };
		36368879256FE8AE006F3FB2 /* MediaCropper.app */ = {isa = PBXFileReference; explicitFileType = wrapper.application; includeInIndex = 0; path = MediaCropper.app; sourceTree = BUILT_PRODUCTS_DIR; };
		3636887C256FE8AE006F3FB2 /* AppDelegate.swift */ = {isa = PBXFileReference; lastKnownFileType = sourcecode.swift; path = AppDelegate.swift; sourceTree = "<group>"; };
		36368880256FE8AF006F3FB2 /* MediaCropperViewController.swift */ = {isa = PBXFileReference; lastKnownFileType = sourcecode.swift; path = MediaCropperViewController.swift; sourceTree = "<group>"; };
		36368883256FE8AF006F3FB2 /* Base */ = {isa = PBXFileReference; lastKnownFileType = file.storyboard; name = Base; path = Base.lproj/MediaCropper.storyboard; sourceTree = "<group>"; };
		36368885256FE8B1006F3FB2 /* Assets.xcassets */ = {isa = PBXFileReference; lastKnownFileType = folder.assetcatalog; path = Assets.xcassets; sourceTree = "<group>"; };
		36368888256FE8B1006F3FB2 /* Base */ = {isa = PBXFileReference; lastKnownFileType = file.storyboard; name = Base; path = Base.lproj/LaunchScreen.storyboard; sourceTree = "<group>"; };
		3636888A256FE8B1006F3FB2 /* Info.plist */ = {isa = PBXFileReference; lastKnownFileType = text.plist.xml; path = Info.plist; sourceTree = "<group>"; };
		3636889625701874006F3FB2 /* GeometryUtils.swift */ = {isa = PBXFileReference; lastKnownFileType = sourcecode.swift; path = GeometryUtils.swift; sourceTree = "<group>"; };
		366BD316257650C2004FEA3C /* Main.storyboard */ = {isa = PBXFileReference; lastKnownFileType = file.storyboard; path = Main.storyboard; sourceTree = "<group>"; };
		366BD31D257651C0004FEA3C /* MainViewController.swift */ = {isa = PBXFileReference; lastKnownFileType = sourcecode.swift; path = MainViewController.swift; sourceTree = "<group>"; };
		366BD32925765FE4004FEA3C /* CoreServices.framework */ = {isa = PBXFileReference; lastKnownFileType = wrapper.framework; name = CoreServices.framework; path = System/Library/Frameworks/CoreServices.framework; sourceTree = SDKROOT; };
		366BD32C25766BCD004FEA3C /* MediaCropperController.swift */ = {isa = PBXFileReference; lastKnownFileType = sourcecode.swift; path = MediaCropperController.swift; sourceTree = "<group>"; };
		36FF0BB42571587200481A14 /* ScalableImageView.swift */ = {isa = PBXFileReference; lastKnownFileType = sourcecode.swift; path = ScalableImageView.swift; sourceTree = "<group>"; };
		36FF0BB72571598400481A14 /* InvertedRoundMaskView.swift */ = {isa = PBXFileReference; lastKnownFileType = sourcecode.swift; path = InvertedRoundMaskView.swift; sourceTree = "<group>"; };
		36FF0BBA257159DC00481A14 /* PickerMediaType.swift */ = {isa = PBXFileReference; lastKnownFileType = sourcecode.swift; path = PickerMediaType.swift; sourceTree = "<group>"; };
		36FF0BC425715F3A00481A14 /* ScalableVideoView.swift */ = {isa = PBXFileReference; lastKnownFileType = sourcecode.swift; path = ScalableVideoView.swift; sourceTree = "<group>"; };
/* End PBXFileReference section */

/* Begin PBXFrameworksBuildPhase section */
		36368876256FE8AE006F3FB2 /* Frameworks */ = {
			isa = PBXFrameworksBuildPhase;
			buildActionMask = 2147483647;
			files = (
				366BD32A25765FE4004FEA3C /* CoreServices.framework in Frameworks */,
			);
			runOnlyForDeploymentPostprocessing = 0;
		};
/* End PBXFrameworksBuildPhase section */

/* Begin PBXGroup section */
		36368870256FE8AE006F3FB2 = {
			isa = PBXGroup;
			children = (
				3636887B256FE8AE006F3FB2 /* MediaCropper */,
				3636887A256FE8AE006F3FB2 /* Products */,
				366BD32825765FE4004FEA3C /* Frameworks */,
			);
			sourceTree = "<group>";
		};
		3636887A256FE8AE006F3FB2 /* Products */ = {
			isa = PBXGroup;
			children = (
				36368879256FE8AE006F3FB2 /* MediaCropper.app */,
			);
			name = Products;
			sourceTree = "<group>";
		};
		3636887B256FE8AE006F3FB2 /* MediaCropper */ = {
			isa = PBXGroup;
			children = (
				366BD31B25765194004FEA3C /* MediaCropper */,
				366BD31D257651C0004FEA3C /* MainViewController.swift */,
				366BD316257650C2004FEA3C /* Main.storyboard */,
				3636887C256FE8AE006F3FB2 /* AppDelegate.swift */,
				36368885256FE8B1006F3FB2 /* Assets.xcassets */,
				36368887256FE8B1006F3FB2 /* LaunchScreen.storyboard */,
				3636888A256FE8B1006F3FB2 /* Info.plist */,
			);
			path = MediaCropper;
			sourceTree = "<group>";
		};
		366BD31B25765194004FEA3C /* MediaCropper */ = {
			isa = PBXGroup;
			children = (
				3636889625701874006F3FB2 /* GeometryUtils.swift */,
				360308FE25751A1D0043E453 /* CroppingUtils.swift */,
				36FF0BBA257159DC00481A14 /* PickerMediaType.swift */,
				36FF0BB42571587200481A14 /* ScalableImageView.swift */,
				36FF0BC425715F3A00481A14 /* ScalableVideoView.swift */,
				36FF0BB72571598400481A14 /* InvertedRoundMaskView.swift */,
				36368880256FE8AF006F3FB2 /* MediaCropperViewController.swift */,
				366BD32C25766BCD004FEA3C /* MediaCropperController.swift */,
				36368882256FE8AF006F3FB2 /* MediaCropper.storyboard */,
			);
			path = MediaCropper;
			sourceTree = "<group>";
		};
		366BD32825765FE4004FEA3C /* Frameworks */ = {
			isa = PBXGroup;
			children = (
				366BD32925765FE4004FEA3C /* CoreServices.framework */,
			);
			name = Frameworks;
			sourceTree = "<group>";
		};
/* End PBXGroup section */

/* Begin PBXNativeTarget section */
		36368878256FE8AE006F3FB2 /* MediaCropper */ = {
			isa = PBXNativeTarget;
			buildConfigurationList = 3636888D256FE8B1006F3FB2 /* Build configuration list for PBXNativeTarget "MediaCropper" */;
			buildPhases = (
				36368875256FE8AE006F3FB2 /* Sources */,
				36368876256FE8AE006F3FB2 /* Frameworks */,
				36368877256FE8AE006F3FB2 /* Resources */,
			);
			buildRules = (
			);
			dependencies = (
			);
			name = MediaCropper;
			productName = MediaCropper;
			productReference = 36368879256FE8AE006F3FB2 /* MediaCropper.app */;
			productType = "com.apple.product-type.application";
		};
/* End PBXNativeTarget section */

/* Begin PBXProject section */
		36368871256FE8AE006F3FB2 /* Project object */ = {
			isa = PBXProject;
			attributes = {
				LastSwiftUpdateCheck = 1220;
				LastUpgradeCheck = 1220;
				TargetAttributes = {
					36368878256FE8AE006F3FB2 = {
						CreatedOnToolsVersion = 12.2;
					};
				};
			};
			buildConfigurationList = 36368874256FE8AE006F3FB2 /* Build configuration list for PBXProject "MediaCropper" */;
			compatibilityVersion = "Xcode 9.3";
			developmentRegion = en;
			hasScannedForEncodings = 0;
			knownRegions = (
				en,
				Base,
			);
			mainGroup = 36368870256FE8AE006F3FB2;
			productRefGroup = 3636887A256FE8AE006F3FB2 /* Products */;
			projectDirPath = "";
			projectRoot = "";
			targets = (
				36368878256FE8AE006F3FB2 /* MediaCropper */,
			);
		};
/* End PBXProject section */

/* Begin PBXResourcesBuildPhase section */
		36368877256FE8AE006F3FB2 /* Resources */ = {
			isa = PBXResourcesBuildPhase;
			buildActionMask = 2147483647;
			files = (
				36368889256FE8B1006F3FB2 /* LaunchScreen.storyboard in Resources */,
				36368886256FE8B1006F3FB2 /* Assets.xcassets in Resources */,
				36368884256FE8AF006F3FB2 /* MediaCropper.storyboard in Resources */,
				366BD317257650C2004FEA3C /* Main.storyboard in Resources */,
			);
			runOnlyForDeploymentPostprocessing = 0;
		};
/* End PBXResourcesBuildPhase section */

/* Begin PBXSourcesBuildPhase section */
		36368875256FE8AE006F3FB2 /* Sources */ = {
			isa = PBXSourcesBuildPhase;
			buildActionMask = 2147483647;
			files = (
				3636889725701874006F3FB2 /* GeometryUtils.swift in Sources */,
				36FF0BBB257159DC00481A14 /* PickerMediaType.swift in Sources */,
				36368881256FE8AF006F3FB2 /* MediaCropperViewController.swift in Sources */,
				36FF0BC525715F3A00481A14 /* ScalableVideoView.swift in Sources */,
				3636887D256FE8AE006F3FB2 /* AppDelegate.swift in Sources */,
				36FF0BB82571598400481A14 /* InvertedRoundMaskView.swift in Sources */,
				36FF0BB52571587200481A14 /* ScalableImageView.swift in Sources */,
				360308FF25751A1D0043E453 /* CroppingUtils.swift in Sources */,
				366BD32D25766BCD004FEA3C /* MediaCropperController.swift in Sources */,
				366BD31E257651C0004FEA3C /* MainViewController.swift in Sources */,
			);
			runOnlyForDeploymentPostprocessing = 0;
		};
/* End PBXSourcesBuildPhase section */

/* Begin PBXVariantGroup section */
		36368882256FE8AF006F3FB2 /* MediaCropper.storyboard */ = {
			isa = PBXVariantGroup;
			children = (
				36368883256FE8AF006F3FB2 /* Base */,
			);
			name = MediaCropper.storyboard;
			sourceTree = "<group>";
		};
		36368887256FE8B1006F3FB2 /* LaunchScreen.storyboard */ = {
			isa = PBXVariantGroup;
			children = (
				36368888256FE8B1006F3FB2 /* Base */,
			);
			name = LaunchScreen.storyboard;
			sourceTree = "<group>";
		};
/* End PBXVariantGroup section */

/* Begin XCBuildConfiguration section */
		3636888B256FE8B1006F3FB2 /* Debug */ = {
			isa = XCBuildConfiguration;
			buildSettings = {
				ALWAYS_SEARCH_USER_PATHS = NO;
				CLANG_ANALYZER_NONNULL = YES;
				CLANG_ANALYZER_NUMBER_OBJECT_CONVERSION = YES_AGGRESSIVE;
				CLANG_CXX_LANGUAGE_STANDARD = "gnu++14";
				CLANG_CXX_LIBRARY = "libc++";
				CLANG_ENABLE_MODULES = YES;
				CLANG_ENABLE_OBJC_ARC = YES;
				CLANG_ENABLE_OBJC_WEAK = YES;
				CLANG_WARN_BLOCK_CAPTURE_AUTORELEASING = YES;
				CLANG_WARN_BOOL_CONVERSION = YES;
				CLANG_WARN_COMMA = YES;
				CLANG_WARN_CONSTANT_CONVERSION = YES;
				CLANG_WARN_DEPRECATED_OBJC_IMPLEMENTATIONS = YES;
				CLANG_WARN_DIRECT_OBJC_ISA_USAGE = YES_ERROR;
				CLANG_WARN_DOCUMENTATION_COMMENTS = YES;
				CLANG_WARN_EMPTY_BODY = YES;
				CLANG_WARN_ENUM_CONVERSION = YES;
				CLANG_WARN_INFINITE_RECURSION = YES;
				CLANG_WARN_INT_CONVERSION = YES;
				CLANG_WARN_NON_LITERAL_NULL_CONVERSION = YES;
				CLANG_WARN_OBJC_IMPLICIT_RETAIN_SELF = YES;
				CLANG_WARN_OBJC_LITERAL_CONVERSION = YES;
				CLANG_WARN_OBJC_ROOT_CLASS = YES_ERROR;
				CLANG_WARN_QUOTED_INCLUDE_IN_FRAMEWORK_HEADER = YES;
				CLANG_WARN_RANGE_LOOP_ANALYSIS = YES;
				CLANG_WARN_STRICT_PROTOTYPES = YES;
				CLANG_WARN_SUSPICIOUS_MOVE = YES;
				CLANG_WARN_UNGUARDED_AVAILABILITY = YES_AGGRESSIVE;
				CLANG_WARN_UNREACHABLE_CODE = YES;
				CLANG_WARN__DUPLICATE_METHOD_MATCH = YES;
				COPY_PHASE_STRIP = NO;
				DEBUG_INFORMATION_FORMAT = dwarf;
				ENABLE_STRICT_OBJC_MSGSEND = YES;
				ENABLE_TESTABILITY = YES;
				GCC_C_LANGUAGE_STANDARD = gnu11;
				GCC_DYNAMIC_NO_PIC = NO;
				GCC_NO_COMMON_BLOCKS = YES;
				GCC_OPTIMIZATION_LEVEL = 0;
				GCC_PREPROCESSOR_DEFINITIONS = (
					"DEBUG=1",
					"$(inherited)",
				);
				GCC_WARN_64_TO_32_BIT_CONVERSION = YES;
				GCC_WARN_ABOUT_RETURN_TYPE = YES_ERROR;
				GCC_WARN_UNDECLARED_SELECTOR = YES;
				GCC_WARN_UNINITIALIZED_AUTOS = YES_AGGRESSIVE;
				GCC_WARN_UNUSED_FUNCTION = YES;
				GCC_WARN_UNUSED_VARIABLE = YES;
				IPHONEOS_DEPLOYMENT_TARGET = 11.0;
				MTL_ENABLE_DEBUG_INFO = INCLUDE_SOURCE;
				MTL_FAST_MATH = YES;
				ONLY_ACTIVE_ARCH = YES;
				SDKROOT = iphoneos;
				SWIFT_ACTIVE_COMPILATION_CONDITIONS = DEBUG;
				SWIFT_OPTIMIZATION_LEVEL = "-Onone";
			};
			name = Debug;
		};
		3636888C256FE8B1006F3FB2 /* Release */ = {
			isa = XCBuildConfiguration;
			buildSettings = {
				ALWAYS_SEARCH_USER_PATHS = NO;
				CLANG_ANALYZER_NONNULL = YES;
				CLANG_ANALYZER_NUMBER_OBJECT_CONVERSION = YES_AGGRESSIVE;
				CLANG_CXX_LANGUAGE_STANDARD = "gnu++14";
				CLANG_CXX_LIBRARY = "libc++";
				CLANG_ENABLE_MODULES = YES;
				CLANG_ENABLE_OBJC_ARC = YES;
				CLANG_ENABLE_OBJC_WEAK = YES;
				CLANG_WARN_BLOCK_CAPTURE_AUTORELEASING = YES;
				CLANG_WARN_BOOL_CONVERSION = YES;
				CLANG_WARN_COMMA = YES;
				CLANG_WARN_CONSTANT_CONVERSION = YES;
				CLANG_WARN_DEPRECATED_OBJC_IMPLEMENTATIONS = YES;
				CLANG_WARN_DIRECT_OBJC_ISA_USAGE = YES_ERROR;
				CLANG_WARN_DOCUMENTATION_COMMENTS = YES;
				CLANG_WARN_EMPTY_BODY = YES;
				CLANG_WARN_ENUM_CONVERSION = YES;
				CLANG_WARN_INFINITE_RECURSION = YES;
				CLANG_WARN_INT_CONVERSION = YES;
				CLANG_WARN_NON_LITERAL_NULL_CONVERSION = YES;
				CLANG_WARN_OBJC_IMPLICIT_RETAIN_SELF = YES;
				CLANG_WARN_OBJC_LITERAL_CONVERSION = YES;
				CLANG_WARN_OBJC_ROOT_CLASS = YES_ERROR;
				CLANG_WARN_QUOTED_INCLUDE_IN_FRAMEWORK_HEADER = YES;
				CLANG_WARN_RANGE_LOOP_ANALYSIS = YES;
				CLANG_WARN_STRICT_PROTOTYPES = YES;
				CLANG_WARN_SUSPICIOUS_MOVE = YES;
				CLANG_WARN_UNGUARDED_AVAILABILITY = YES_AGGRESSIVE;
				CLANG_WARN_UNREACHABLE_CODE = YES;
				CLANG_WARN__DUPLICATE_METHOD_MATCH = YES;
				COPY_PHASE_STRIP = NO;
				DEBUG_INFORMATION_FORMAT = "dwarf-with-dsym";
				ENABLE_NS_ASSERTIONS = NO;
				ENABLE_STRICT_OBJC_MSGSEND = YES;
				GCC_C_LANGUAGE_STANDARD = gnu11;
				GCC_NO_COMMON_BLOCKS = YES;
				GCC_WARN_64_TO_32_BIT_CONVERSION = YES;
				GCC_WARN_ABOUT_RETURN_TYPE = YES_ERROR;
				GCC_WARN_UNDECLARED_SELECTOR = YES;
				GCC_WARN_UNINITIALIZED_AUTOS = YES_AGGRESSIVE;
				GCC_WARN_UNUSED_FUNCTION = YES;
				GCC_WARN_UNUSED_VARIABLE = YES;
				IPHONEOS_DEPLOYMENT_TARGET = 11.0;
				MTL_ENABLE_DEBUG_INFO = NO;
				MTL_FAST_MATH = YES;
				SDKROOT = iphoneos;
				SWIFT_COMPILATION_MODE = wholemodule;
				SWIFT_OPTIMIZATION_LEVEL = "-O";
				VALIDATE_PRODUCT = YES;
			};
			name = Release;
		};
		3636888E256FE8B1006F3FB2 /* Debug */ = {
			isa = XCBuildConfiguration;
			buildSettings = {
				ASSETCATALOG_COMPILER_APPICON_NAME = AppIcon;
				ASSETCATALOG_COMPILER_GLOBAL_ACCENT_COLOR_NAME = AccentColor;
				CODE_SIGN_STYLE = Automatic;
				DEVELOPMENT_TEAM = XJ35PC86R6;
				INFOPLIST_FILE = MediaCropper/Info.plist;
				LD_RUNPATH_SEARCH_PATHS = (
					"$(inherited)",
					"@executable_path/Frameworks",
				);
				PRODUCT_BUNDLE_IDENTIFIER = com.elevenlife.admin.MediaCropper;
				PRODUCT_NAME = "$(TARGET_NAME)";
				SWIFT_VERSION = 5.0;
				TARGETED_DEVICE_FAMILY = "1,2";
			};
			name = Debug;
		};
		3636888F256FE8B1006F3FB2 /* Release */ = {
			isa = XCBuildConfiguration;
			buildSettings = {
				ASSETCATALOG_COMPILER_APPICON_NAME = AppIcon;
				ASSETCATALOG_COMPILER_GLOBAL_ACCENT_COLOR_NAME = AccentColor;
				CODE_SIGN_STYLE = Automatic;
				DEVELOPMENT_TEAM = XJ35PC86R6;
				INFOPLIST_FILE = MediaCropper/Info.plist;
				LD_RUNPATH_SEARCH_PATHS = (
					"$(inherited)",
					"@executable_path/Frameworks",
				);
				PRODUCT_BUNDLE_IDENTIFIER = com.elevenlife.admin.MediaCropper;
				PRODUCT_NAME = "$(TARGET_NAME)";
				SWIFT_VERSION = 5.0;
				TARGETED_DEVICE_FAMILY = "1,2";
			};
			name = Release;
		};
/* End XCBuildConfiguration section */

/* Begin XCConfigurationList section */
		36368874256FE8AE006F3FB2 /* Build configuration list for PBXProject "MediaCropper" */ = {
			isa = XCConfigurationList;
			buildConfigurations = (
				3636888B256FE8B1006F3FB2 /* Debug */,
				3636888C256FE8B1006F3FB2 /* Release */,
			);
			defaultConfigurationIsVisible = 0;
			defaultConfigurationName = Release;
		};
		3636888D256FE8B1006F3FB2 /* Build configuration list for PBXNativeTarget "MediaCropper" */ = {
			isa = XCConfigurationList;
			buildConfigurations = (
				3636888E256FE8B1006F3FB2 /* Debug */,
				3636888F256FE8B1006F3FB2 /* Release */,
			);
			defaultConfigurationIsVisible = 0;
			defaultConfigurationName = Release;
		};
/* End XCConfigurationList section */
	};
	rootObject = 36368871256FE8AE006F3FB2 /* Project object */;
}
